
Microsoft Visual Studio Solution File, Format Version 12.00
# Visual Studio Version 17
VisualStudioVersion = 17.0.31903.59
MinimumVisualStudioVersion = 10.0.40219.1
Project("{2150E333-8FDC-42A3-9474-1A3956D46DE8}") = "src", "src", "{B3F3DAF1-2997-40ED-A242-50F40C0AEF75}"
EndProject
Project("{FAE04EC0-301F-11D3-BF4B-00C04F79EFBC}") = "Core", "src\Core\Core.csproj", "{1C7212CC-5BD2-4280-AFA9-5AE9AF7D0FBE}"
EndProject
Project("{FAE04EC0-301F-11D3-BF4B-00C04F79EFBC}") = "GrpcMessage", "src\GrpcMessage\GrpcMessage.csproj", "{9E7D7AC0-CEE4-4FCC-AB83-E985AD26BCA1}"
EndProject
Project("{FAE04EC0-301F-11D3-BF4B-00C04F79EFBC}") = "ClientCli", "src\ClientCli\ClientCli.csproj", "{33D0E1AA-D17D-48EA-BE30-919553D3FCA8}"
EndProject
Project("{FAE04EC0-301F-11D3-BF4B-00C04F79EFBC}") = "Database", "src\Database\Database.csproj", "{991CBFFC-28A0-4DAF-ABC4-29F2289F810D}"
EndProject
Project("{FAE04EC0-301F-11D3-BF4B-00C04F79EFBC}") = "Api", "src\Api\Api.csproj", "{8E01ED3F-2BEF-4EFA-B0AD-5EE102CEBB07}"
EndProject
Project("{FAE04EC0-301F-11D3-BF4B-00C04F79EFBC}") = "GrpcService", "src\GrpcService\GrpcService.csproj", "{39FCF9A3-7C5F-4DFF-B974-BFB79AEF8E61}"
EndProject
Project("{2150E333-8FDC-42A3-9474-1A3956D46DE8}") = "deployement", "deployement", "{784E2CF8-7592-47EA-9B42-1424EB6631B8}"
EndProject
Project("{2150E333-8FDC-42A3-9474-1A3956D46DE8}") = "documentation", "documentation", "{6C65086A-2E97-47B9-8581-1B876A3F2749}"
EndProject
Project("{FAE04EC0-301F-11D3-BF4B-00C04F79EFBC}") = "GrpcClient", "src\GrpcClient\GrpcClient.csproj", "{6B8A4445-6A96-4263-A6F2-E7B51D99370B}"
EndProject
Global
	GlobalSection(SolutionConfigurationPlatforms) = preSolution
		Debug|Any CPU = Debug|Any CPU
		Release|Any CPU = Release|Any CPU
	EndGlobalSection
	GlobalSection(SolutionProperties) = preSolution
		HideSolutionNode = FALSE
	EndGlobalSection
	GlobalSection(ProjectConfigurationPlatforms) = postSolution
		{1C7212CC-5BD2-4280-AFA9-5AE9AF7D0FBE}.Debug|Any CPU.ActiveCfg = Debug|Any CPU
		{1C7212CC-5BD2-4280-AFA9-5AE9AF7D0FBE}.Debug|Any CPU.Build.0 = Debug|Any CPU
		{1C7212CC-5BD2-4280-AFA9-5AE9AF7D0FBE}.Release|Any CPU.ActiveCfg = Release|Any CPU
		{1C7212CC-5BD2-4280-AFA9-5AE9AF7D0FBE}.Release|Any CPU.Build.0 = Release|Any CPU
		{9E7D7AC0-CEE4-4FCC-AB83-E985AD26BCA1}.Debug|Any CPU.ActiveCfg = Debug|Any CPU
		{9E7D7AC0-CEE4-4FCC-AB83-E985AD26BCA1}.Debug|Any CPU.Build.0 = Debug|Any CPU
		{9E7D7AC0-CEE4-4FCC-AB83-E985AD26BCA1}.Release|Any CPU.ActiveCfg = Release|Any CPU
		{9E7D7AC0-CEE4-4FCC-AB83-E985AD26BCA1}.Release|Any CPU.Build.0 = Release|Any CPU
		{33D0E1AA-D17D-48EA-BE30-919553D3FCA8}.Debug|Any CPU.ActiveCfg = Debug|Any CPU
		{33D0E1AA-D17D-48EA-BE30-919553D3FCA8}.Debug|Any CPU.Build.0 = Debug|Any CPU
		{33D0E1AA-D17D-48EA-BE30-919553D3FCA8}.Release|Any CPU.ActiveCfg = Release|Any CPU
		{33D0E1AA-D17D-48EA-BE30-919553D3FCA8}.Release|Any CPU.Build.0 = Release|Any CPU
		{991CBFFC-28A0-4DAF-ABC4-29F2289F810D}.Debug|Any CPU.ActiveCfg = Debug|Any CPU
		{991CBFFC-28A0-4DAF-ABC4-29F2289F810D}.Debug|Any CPU.Build.0 = Debug|Any CPU
		{991CBFFC-28A0-4DAF-ABC4-29F2289F810D}.Release|Any CPU.ActiveCfg = Release|Any CPU
		{991CBFFC-28A0-4DAF-ABC4-29F2289F810D}.Release|Any CPU.Build.0 = Release|Any CPU
		{8E01ED3F-2BEF-4EFA-B0AD-5EE102CEBB07}.Debug|Any CPU.ActiveCfg = Debug|Any CPU
		{8E01ED3F-2BEF-4EFA-B0AD-5EE102CEBB07}.Debug|Any CPU.Build.0 = Debug|Any CPU
		{8E01ED3F-2BEF-4EFA-B0AD-5EE102CEBB07}.Release|Any CPU.ActiveCfg = Release|Any CPU
		{8E01ED3F-2BEF-4EFA-B0AD-5EE102CEBB07}.Release|Any CPU.Build.0 = Release|Any CPU
		{39FCF9A3-7C5F-4DFF-B974-BFB79AEF8E61}.Debug|Any CPU.ActiveCfg = Debug|Any CPU
		{39FCF9A3-7C5F-4DFF-B974-BFB79AEF8E61}.Debug|Any CPU.Build.0 = Debug|Any CPU
		{39FCF9A3-7C5F-4DFF-B974-BFB79AEF8E61}.Release|Any CPU.ActiveCfg = Release|Any CPU
		{39FCF9A3-7C5F-4DFF-B974-BFB79AEF8E61}.Release|Any CPU.Build.0 = Release|Any CPU
		{6B8A4445-6A96-4263-A6F2-E7B51D99370B}.Debug|Any CPU.ActiveCfg = Debug|Any CPU
		{6B8A4445-6A96-4263-A6F2-E7B51D99370B}.Debug|Any CPU.Build.0 = Debug|Any CPU
		{6B8A4445-6A96-4263-A6F2-E7B51D99370B}.Release|Any CPU.ActiveCfg = Release|Any CPU
		{6B8A4445-6A96-4263-A6F2-E7B51D99370B}.Release|Any CPU.Build.0 = Release|Any CPU
	EndGlobalSection
	GlobalSection(NestedProjects) = preSolution
		{1C7212CC-5BD2-4280-AFA9-5AE9AF7D0FBE} = {B3F3DAF1-2997-40ED-A242-50F40C0AEF75}
		{9E7D7AC0-CEE4-4FCC-AB83-E985AD26BCA1} = {B3F3DAF1-2997-40ED-A242-50F40C0AEF75}
		{33D0E1AA-D17D-48EA-BE30-919553D3FCA8} = {B3F3DAF1-2997-40ED-A242-50F40C0AEF75}
		{991CBFFC-28A0-4DAF-ABC4-29F2289F810D} = {B3F3DAF1-2997-40ED-A242-50F40C0AEF75}
		{8E01ED3F-2BEF-4EFA-B0AD-5EE102CEBB07} = {B3F3DAF1-2997-40ED-A242-50F40C0AEF75}
		{39FCF9A3-7C5F-4DFF-B974-BFB79AEF8E61} = {B3F3DAF1-2997-40ED-A242-50F40C0AEF75}
		{6B8A4445-6A96-4263-A6F2-E7B51D99370B} = {B3F3DAF1-2997-40ED-A242-50F40C0AEF75}
	EndGlobalSection
EndGlobal
