
Microsoft Visual Studio Solution File, Format Version 12.00
# Visual Studio Version 17
VisualStudioVersion = 17.0.31903.59
MinimumVisualStudioVersion = 10.0.40219.1
Project("{2150E333-8FDC-42A3-9474-1A3956D46DE8}") = "src", "src", "{B3F3DAF1-2997-40ED-A242-50F40C0AEF75}"
EndProject
Project("{FAE04EC0-301F-11D3-BF4B-00C04F79EFBC}") = "Core", "src\Core\Core.csproj", "{1C7212CC-5BD2-4280-AFA9-5AE9AF7D0FBE}"
EndProject
Project("{FAE04EC0-301F-11D3-BF4B-00C04F79EFBC}") = "GrpcMessage", "src\GrpcMessage\GrpcMessage.csproj", "{9E7D7AC0-CEE4-4FCC-AB83-E985AD26BCA1}"
EndProject
Project("{FAE04EC0-301F-11D3-BF4B-00C04F79EFBC}") = "ClientCli", "src\ClientCli\ClientCli.csproj", "{33D0E1AA-D17D-48EA-BE30-919553D3FCA8}"
EndProject
Project("{FAE04EC0-301F-11D3-BF4B-00C04F79EFBC}") = "Api", "src\Api\Api.csproj", "{8E01ED3F-2BEF-4EFA-B0AD-5EE102CEBB07}"
EndProject
Project("{FAE04EC0-301F-11D3-BF4B-00C04F79EFBC}") = "GrpcService", "src\GrpcService\GrpcService.csproj", "{39FCF9A3-7C5F-4DFF-B974-BFB79AEF8E61}"
EndProject
Project("{2150E333-8FDC-42A3-9474-1A3956D46DE8}") = "deployement", "deployement", "{784E2CF8-7592-47EA-9B42-1424EB6631B8}"
	ProjectSection(SolutionItems) = preProject
		deployement\docker-compose.yml = deployement\docker-compose.yml
		deployement\.env = deployement\.env
	EndProjectSection
EndProject
Project("{2150E333-8FDC-42A3-9474-1A3956D46DE8}") = "documentation", "documentation", "{6C65086A-2E97-47B9-8581-1B876A3F2749}"
	ProjectSection(SolutionItems) = preProject
		documentation\MigrationsDocumentation.md = documentation\MigrationsDocumentation.md
	EndProjectSection
EndProject
Project("{FAE04EC0-301F-11D3-BF4B-00C04F79EFBC}") = "GrpcClient", "src\GrpcClient\GrpcClient.csproj", "{6B8A4445-6A96-4263-A6F2-E7B51D99370B}"
EndProject
Project("{FAE04EC0-301F-11D3-BF4B-00C04F79EFBC}") = "WebApp", "src\WebApp\WebApp.csproj", "{266DF524-3890-4D78-BA95-9BB348584166}"
EndProject
Project("{2150E333-8FDC-42A3-9474-1A3956D46DE8}") = "Client", "Client", "{143EC31D-9810-4125-893C-F4D57EB659B7}"
EndProject
Project("{FAE04EC0-301F-11D3-BF4B-00C04F79EFBC}") = "Client.HttpRestClient", "src\Client\Client.HttpRestClient\Client.HttpRestClient.csproj", "{1FA6C859-19BA-47D8-992E-991146DFFC0E}"
EndProject
Project("{FAE04EC0-301F-11D3-BF4B-00C04F79EFBC}") = "Client.Abstraction", "src\Client\Client.Abstraction\Client.Abstraction.csproj", "{37B9A842-716B-4E19-BCEA-06FEE90692D6}"
EndProject
Project("{2150E333-8FDC-42A3-9474-1A3956D46DE8}") = "Authentication", "Authentication", "{B33CAC67-76DA-43C3-89F5-0E1437086644}"
EndProject
Project("{FAE04EC0-301F-11D3-BF4B-00C04F79EFBC}") = "Authentication.Domain", "src\Authentication\Authentication.Domain\Authentication.Domain.csproj", "{625459D6-C9FA-429D-8E4A-EA3309DA7AE2}"
EndProject
Project("{FAE04EC0-301F-11D3-BF4B-00C04F79EFBC}") = "Authentication.Wrappers", "src\Authentication\Authentication.Wrappers\Authentication.Wrappers.csproj", "{2D32F628-5AE8-44BC-9066-72FD0C0C595E}"
EndProject
Project("{FAE04EC0-301F-11D3-BF4B-00C04F79EFBC}") = "Authentication.Services", "src\Authentication\Authentication.Services\Authentication.Services.csproj", "{01CCF8F0-E034-403E-BAE2-5A7698DC1288}"
EndProject
Project("{FAE04EC0-301F-11D3-BF4B-00C04F79EFBC}") = "Authentication.Persistence", "src\Authentication\Authentication.Persistence\Authentication.Persistence.csproj", "{ABF530AD-A1B7-4D1E-8E58-F7E0CE070FF0}"
EndProject
Project("{2150E333-8FDC-42A3-9474-1A3956D46DE8}") = "Tools", "Tools", "{B08BE68F-F680-4A0E-982F-5915BE706D10}"
EndProject
Project("{FAE04EC0-301F-11D3-BF4B-00C04F79EFBC}") = "Tools.TransactionManager", "src\Tools\Tools.TransactionManager\Tools.TransactionManager.csproj", "{B5ED31E6-636A-48CE-B565-F3060B7ECA18}"
EndProject
Project("{FAE04EC0-301F-11D3-BF4B-00C04F79EFBC}") = "Authentication.IdentityServer", "src\Authentication\Authentication.IdentityServer\Authentication.IdentityServer.csproj", "{154170C4-583F-401D-AF90-FABA2678A2FF}"
EndProject
Project("{2150E333-8FDC-42A3-9474-1A3956D46DE8}") = "data", "data", "{A5080802-347E-442C-A056-0AA522918FEB}"
EndProject
Project("{FAE04EC0-301F-11D3-BF4B-00C04F79EFBC}") = "TodoClient", "src\TodoClient\TodoClient.csproj", "{51FE2A20-B150-4FF9-998B-4BFE8F2A4F5B}"
EndProject
Project("{2150E333-8FDC-42A3-9474-1A3956D46DE8}") = "Persistence", "Persistence", "{99A6FAEE-790A-4110-ADD9-DBE4D482A57C}"
EndProject
Project("{FAE04EC0-301F-11D3-BF4B-00C04F79EFBC}") = "Persistence.MigrationTool", "src\Persistence\Persistence.MigrationTool\Persistence.MigrationTool.csproj", "{C69FD469-4AB1-46AB-A07D-198798A29259}"
EndProject
Project("{FAE04EC0-301F-11D3-BF4B-00C04F79EFBC}") = "Persistence.Database", "src\Persistence\Persistence.Database\Persistence.Database.csproj", "{75B57AE9-0986-46FA-B0A2-676F1798FABC}"
EndProject
Global
	GlobalSection(SolutionConfigurationPlatforms) = preSolution
		Debug|Any CPU = Debug|Any CPU
		Release|Any CPU = Release|Any CPU
	EndGlobalSection
	GlobalSection(SolutionProperties) = preSolution
		HideSolutionNode = FALSE
	EndGlobalSection
	GlobalSection(ProjectConfigurationPlatforms) = postSolution
		{1C7212CC-5BD2-4280-AFA9-5AE9AF7D0FBE}.Debug|Any CPU.ActiveCfg = Debug|Any CPU
		{1C7212CC-5BD2-4280-AFA9-5AE9AF7D0FBE}.Debug|Any CPU.Build.0 = Debug|Any CPU
		{1C7212CC-5BD2-4280-AFA9-5AE9AF7D0FBE}.Release|Any CPU.ActiveCfg = Release|Any CPU
		{1C7212CC-5BD2-4280-AFA9-5AE9AF7D0FBE}.Release|Any CPU.Build.0 = Release|Any CPU
		{9E7D7AC0-CEE4-4FCC-AB83-E985AD26BCA1}.Debug|Any CPU.ActiveCfg = Debug|Any CPU
		{9E7D7AC0-CEE4-4FCC-AB83-E985AD26BCA1}.Debug|Any CPU.Build.0 = Debug|Any CPU
		{9E7D7AC0-CEE4-4FCC-AB83-E985AD26BCA1}.Release|Any CPU.ActiveCfg = Release|Any CPU
		{9E7D7AC0-CEE4-4FCC-AB83-E985AD26BCA1}.Release|Any CPU.Build.0 = Release|Any CPU
		{33D0E1AA-D17D-48EA-BE30-919553D3FCA8}.Debug|Any CPU.ActiveCfg = Debug|Any CPU
		{33D0E1AA-D17D-48EA-BE30-919553D3FCA8}.Debug|Any CPU.Build.0 = Debug|Any CPU
		{33D0E1AA-D17D-48EA-BE30-919553D3FCA8}.Release|Any CPU.ActiveCfg = Release|Any CPU
		{33D0E1AA-D17D-48EA-BE30-919553D3FCA8}.Release|Any CPU.Build.0 = Release|Any CPU
		{8E01ED3F-2BEF-4EFA-B0AD-5EE102CEBB07}.Debug|Any CPU.ActiveCfg = Debug|Any CPU
		{8E01ED3F-2BEF-4EFA-B0AD-5EE102CEBB07}.Debug|Any CPU.Build.0 = Debug|Any CPU
		{8E01ED3F-2BEF-4EFA-B0AD-5EE102CEBB07}.Release|Any CPU.ActiveCfg = Release|Any CPU
		{8E01ED3F-2BEF-4EFA-B0AD-5EE102CEBB07}.Release|Any CPU.Build.0 = Release|Any CPU
		{39FCF9A3-7C5F-4DFF-B974-BFB79AEF8E61}.Debug|Any CPU.ActiveCfg = Debug|Any CPU
		{39FCF9A3-7C5F-4DFF-B974-BFB79AEF8E61}.Debug|Any CPU.Build.0 = Debug|Any CPU
		{39FCF9A3-7C5F-4DFF-B974-BFB79AEF8E61}.Release|Any CPU.ActiveCfg = Release|Any CPU
		{39FCF9A3-7C5F-4DFF-B974-BFB79AEF8E61}.Release|Any CPU.Build.0 = Release|Any CPU
		{6B8A4445-6A96-4263-A6F2-E7B51D99370B}.Debug|Any CPU.ActiveCfg = Debug|Any CPU
		{6B8A4445-6A96-4263-A6F2-E7B51D99370B}.Debug|Any CPU.Build.0 = Debug|Any CPU
		{6B8A4445-6A96-4263-A6F2-E7B51D99370B}.Release|Any CPU.ActiveCfg = Release|Any CPU
		{6B8A4445-6A96-4263-A6F2-E7B51D99370B}.Release|Any CPU.Build.0 = Release|Any CPU
		{266DF524-3890-4D78-BA95-9BB348584166}.Debug|Any CPU.ActiveCfg = Debug|Any CPU
		{266DF524-3890-4D78-BA95-9BB348584166}.Debug|Any CPU.Build.0 = Debug|Any CPU
		{266DF524-3890-4D78-BA95-9BB348584166}.Release|Any CPU.ActiveCfg = Release|Any CPU
		{266DF524-3890-4D78-BA95-9BB348584166}.Release|Any CPU.Build.0 = Release|Any CPU
		{1FA6C859-19BA-47D8-992E-991146DFFC0E}.Debug|Any CPU.ActiveCfg = Debug|Any CPU
		{1FA6C859-19BA-47D8-992E-991146DFFC0E}.Debug|Any CPU.Build.0 = Debug|Any CPU
		{1FA6C859-19BA-47D8-992E-991146DFFC0E}.Release|Any CPU.ActiveCfg = Release|Any CPU
		{1FA6C859-19BA-47D8-992E-991146DFFC0E}.Release|Any CPU.Build.0 = Release|Any CPU
		{37B9A842-716B-4E19-BCEA-06FEE90692D6}.Debug|Any CPU.ActiveCfg = Debug|Any CPU
		{37B9A842-716B-4E19-BCEA-06FEE90692D6}.Debug|Any CPU.Build.0 = Debug|Any CPU
		{37B9A842-716B-4E19-BCEA-06FEE90692D6}.Release|Any CPU.ActiveCfg = Release|Any CPU
		{37B9A842-716B-4E19-BCEA-06FEE90692D6}.Release|Any CPU.Build.0 = Release|Any CPU
		{625459D6-C9FA-429D-8E4A-EA3309DA7AE2}.Debug|Any CPU.ActiveCfg = Debug|Any CPU
		{625459D6-C9FA-429D-8E4A-EA3309DA7AE2}.Debug|Any CPU.Build.0 = Debug|Any CPU
		{625459D6-C9FA-429D-8E4A-EA3309DA7AE2}.Release|Any CPU.ActiveCfg = Release|Any CPU
		{625459D6-C9FA-429D-8E4A-EA3309DA7AE2}.Release|Any CPU.Build.0 = Release|Any CPU
		{2D32F628-5AE8-44BC-9066-72FD0C0C595E}.Debug|Any CPU.ActiveCfg = Debug|Any CPU
		{2D32F628-5AE8-44BC-9066-72FD0C0C595E}.Debug|Any CPU.Build.0 = Debug|Any CPU
		{2D32F628-5AE8-44BC-9066-72FD0C0C595E}.Release|Any CPU.ActiveCfg = Release|Any CPU
		{2D32F628-5AE8-44BC-9066-72FD0C0C595E}.Release|Any CPU.Build.0 = Release|Any CPU
		{01CCF8F0-E034-403E-BAE2-5A7698DC1288}.Debug|Any CPU.ActiveCfg = Debug|Any CPU
		{01CCF8F0-E034-403E-BAE2-5A7698DC1288}.Debug|Any CPU.Build.0 = Debug|Any CPU
		{01CCF8F0-E034-403E-BAE2-5A7698DC1288}.Release|Any CPU.ActiveCfg = Release|Any CPU
		{01CCF8F0-E034-403E-BAE2-5A7698DC1288}.Release|Any CPU.Build.0 = Release|Any CPU
		{ABF530AD-A1B7-4D1E-8E58-F7E0CE070FF0}.Debug|Any CPU.ActiveCfg = Debug|Any CPU
		{ABF530AD-A1B7-4D1E-8E58-F7E0CE070FF0}.Debug|Any CPU.Build.0 = Debug|Any CPU
		{ABF530AD-A1B7-4D1E-8E58-F7E0CE070FF0}.Release|Any CPU.ActiveCfg = Release|Any CPU
		{ABF530AD-A1B7-4D1E-8E58-F7E0CE070FF0}.Release|Any CPU.Build.0 = Release|Any CPU
		{B5ED31E6-636A-48CE-B565-F3060B7ECA18}.Debug|Any CPU.ActiveCfg = Debug|Any CPU
		{B5ED31E6-636A-48CE-B565-F3060B7ECA18}.Debug|Any CPU.Build.0 = Debug|Any CPU
		{B5ED31E6-636A-48CE-B565-F3060B7ECA18}.Release|Any CPU.ActiveCfg = Release|Any CPU
		{B5ED31E6-636A-48CE-B565-F3060B7ECA18}.Release|Any CPU.Build.0 = Release|Any CPU
		{154170C4-583F-401D-AF90-FABA2678A2FF}.Debug|Any CPU.ActiveCfg = Debug|Any CPU
		{154170C4-583F-401D-AF90-FABA2678A2FF}.Debug|Any CPU.Build.0 = Debug|Any CPU
		{154170C4-583F-401D-AF90-FABA2678A2FF}.Release|Any CPU.ActiveCfg = Release|Any CPU
		{154170C4-583F-401D-AF90-FABA2678A2FF}.Release|Any CPU.Build.0 = Release|Any CPU
		{51FE2A20-B150-4FF9-998B-4BFE8F2A4F5B}.Debug|Any CPU.ActiveCfg = Debug|Any CPU
		{51FE2A20-B150-4FF9-998B-4BFE8F2A4F5B}.Debug|Any CPU.Build.0 = Debug|Any CPU
		{51FE2A20-B150-4FF9-998B-4BFE8F2A4F5B}.Release|Any CPU.ActiveCfg = Release|Any CPU
		{51FE2A20-B150-4FF9-998B-4BFE8F2A4F5B}.Release|Any CPU.Build.0 = Release|Any CPU
		{C69FD469-4AB1-46AB-A07D-198798A29259}.Debug|Any CPU.ActiveCfg = Debug|Any CPU
		{C69FD469-4AB1-46AB-A07D-198798A29259}.Debug|Any CPU.Build.0 = Debug|Any CPU
		{C69FD469-4AB1-46AB-A07D-198798A29259}.Release|Any CPU.ActiveCfg = Release|Any CPU
		{C69FD469-4AB1-46AB-A07D-198798A29259}.Release|Any CPU.Build.0 = Release|Any CPU
		{75B57AE9-0986-46FA-B0A2-676F1798FABC}.Debug|Any CPU.ActiveCfg = Debug|Any CPU
		{75B57AE9-0986-46FA-B0A2-676F1798FABC}.Debug|Any CPU.Build.0 = Debug|Any CPU
		{75B57AE9-0986-46FA-B0A2-676F1798FABC}.Release|Any CPU.ActiveCfg = Release|Any CPU
		{75B57AE9-0986-46FA-B0A2-676F1798FABC}.Release|Any CPU.Build.0 = Release|Any CPU
	EndGlobalSection
	GlobalSection(NestedProjects) = preSolution
		{1C7212CC-5BD2-4280-AFA9-5AE9AF7D0FBE} = {B3F3DAF1-2997-40ED-A242-50F40C0AEF75}
		{9E7D7AC0-CEE4-4FCC-AB83-E985AD26BCA1} = {B3F3DAF1-2997-40ED-A242-50F40C0AEF75}
		{33D0E1AA-D17D-48EA-BE30-919553D3FCA8} = {B3F3DAF1-2997-40ED-A242-50F40C0AEF75}
		{8E01ED3F-2BEF-4EFA-B0AD-5EE102CEBB07} = {B3F3DAF1-2997-40ED-A242-50F40C0AEF75}
		{39FCF9A3-7C5F-4DFF-B974-BFB79AEF8E61} = {B3F3DAF1-2997-40ED-A242-50F40C0AEF75}
		{6B8A4445-6A96-4263-A6F2-E7B51D99370B} = {B3F3DAF1-2997-40ED-A242-50F40C0AEF75}
		{266DF524-3890-4D78-BA95-9BB348584166} = {B3F3DAF1-2997-40ED-A242-50F40C0AEF75}
		{143EC31D-9810-4125-893C-F4D57EB659B7} = {B3F3DAF1-2997-40ED-A242-50F40C0AEF75}
		{1FA6C859-19BA-47D8-992E-991146DFFC0E} = {143EC31D-9810-4125-893C-F4D57EB659B7}
		{37B9A842-716B-4E19-BCEA-06FEE90692D6} = {143EC31D-9810-4125-893C-F4D57EB659B7}
		{B33CAC67-76DA-43C3-89F5-0E1437086644} = {B3F3DAF1-2997-40ED-A242-50F40C0AEF75}
		{625459D6-C9FA-429D-8E4A-EA3309DA7AE2} = {B33CAC67-76DA-43C3-89F5-0E1437086644}
		{2D32F628-5AE8-44BC-9066-72FD0C0C595E} = {B33CAC67-76DA-43C3-89F5-0E1437086644}
		{01CCF8F0-E034-403E-BAE2-5A7698DC1288} = {B33CAC67-76DA-43C3-89F5-0E1437086644}
		{ABF530AD-A1B7-4D1E-8E58-F7E0CE070FF0} = {B33CAC67-76DA-43C3-89F5-0E1437086644}
		{B08BE68F-F680-4A0E-982F-5915BE706D10} = {B3F3DAF1-2997-40ED-A242-50F40C0AEF75}
		{B5ED31E6-636A-48CE-B565-F3060B7ECA18} = {B08BE68F-F680-4A0E-982F-5915BE706D10}
		{154170C4-583F-401D-AF90-FABA2678A2FF} = {B33CAC67-76DA-43C3-89F5-0E1437086644}
		{51FE2A20-B150-4FF9-998B-4BFE8F2A4F5B} = {B3F3DAF1-2997-40ED-A242-50F40C0AEF75}
		{99A6FAEE-790A-4110-ADD9-DBE4D482A57C} = {B3F3DAF1-2997-40ED-A242-50F40C0AEF75}
		{C69FD469-4AB1-46AB-A07D-198798A29259} = {99A6FAEE-790A-4110-ADD9-DBE4D482A57C}
		{75B57AE9-0986-46FA-B0A2-676F1798FABC} = {99A6FAEE-790A-4110-ADD9-DBE4D482A57C}
	EndGlobalSection
EndGlobal
